
Microsoft Visual Studio Solution File, Format Version 12.00
# Visual Studio Version 17
VisualStudioVersion = 17.8.34330.188
MinimumVisualStudioVersion = 10.0.40219.1
Project("{FAE04EC0-301F-11D3-BF4B-00C04F79EFBC}") = "DZ_8", "DZ_8\DZ_8.csproj", "{5EEBD88A-FDDC-4E2E-AC67-ADCDBD70FE0B}"
EndProject
Global
	GlobalSection(SolutionConfigurationPlatforms) = preSolution
		Debug|Any CPU = Debug|Any CPU
		Release|Any CPU = Release|Any CPU
	EndGlobalSection
	GlobalSection(ProjectConfigurationPlatforms) = postSolution
		{5EEBD88A-FDDC-4E2E-AC67-ADCDBD70FE0B}.Debug|Any CPU.ActiveCfg = Debug|Any CPU
		{5EEBD88A-FDDC-4E2E-AC67-ADCDBD70FE0B}.Debug|Any CPU.Build.0 = Debug|Any CPU
		{5EEBD88A-FDDC-4E2E-AC67-ADCDBD70FE0B}.Release|Any CPU.ActiveCfg = Release|Any CPU
		{5EEBD88A-FDDC-4E2E-AC67-ADCDBD70FE0B}.Release|Any CPU.Build.0 = Release|Any CPU
	EndGlobalSection
	GlobalSection(SolutionProperties) = preSolution
		HideSolutionNode = FALSE
	EndGlobalSection
	GlobalSection(ExtensibilityGlobals) = postSolution
		SolutionGuid = {E8A73748-1E3D-4B17-9C4D-EF5E3CD24F86}
	EndGlobalSection
EndGlobal
